
Microsoft Visual Studio Solution File, Format Version 11.00
# Visual Studio 2010
Project("{8BC9CEB8-8B4A-11D0-8D11-00A0C91BC942}") = "iRageCapital_BruceChocolate", "iRageCapital_BruceChocolate\iRageCapital_BruceChocolate.vcxproj", "{52B92EBA-8BB7-477C-9F2D-C4963D77F781}"
EndProject
Global
	GlobalSection(SolutionConfigurationPlatforms) = preSolution
		Debug|Win32 = Debug|Win32
		Release|Win32 = Release|Win32
	EndGlobalSection
	GlobalSection(ProjectConfigurationPlatforms) = postSolution
		{52B92EBA-8BB7-477C-9F2D-C4963D77F781}.Debug|Win32.ActiveCfg = Debug|Win32
		{52B92EBA-8BB7-477C-9F2D-C4963D77F781}.Debug|Win32.Build.0 = Debug|Win32
		{52B92EBA-8BB7-477C-9F2D-C4963D77F781}.Release|Win32.ActiveCfg = Release|Win32
		{52B92EBA-8BB7-477C-9F2D-C4963D77F781}.Release|Win32.Build.0 = Release|Win32
	EndGlobalSection
	GlobalSection(SolutionProperties) = preSolution
		HideSolutionNode = FALSE
	EndGlobalSection
EndGlobal
