
Microsoft Visual Studio Solution File, Format Version 12.00
# Visual Studio 2012
Project("{8BC9CEB8-8B4A-11D0-8D11-00A0C91BC942}") = "SwAgPainting", "SwAgPainting\SwAgPainting.vcxproj", "{C1F75F57-6B1E-416F-9AB1-489FA500AAF0}"
EndProject
Global
	GlobalSection(SolutionConfigurationPlatforms) = preSolution
		Debug|Win32 = Debug|Win32
		Release|Win32 = Release|Win32
	EndGlobalSection
	GlobalSection(ProjectConfigurationPlatforms) = postSolution
		{C1F75F57-6B1E-416F-9AB1-489FA500AAF0}.Debug|Win32.ActiveCfg = Debug|Win32
		{C1F75F57-6B1E-416F-9AB1-489FA500AAF0}.Debug|Win32.Build.0 = Debug|Win32
		{C1F75F57-6B1E-416F-9AB1-489FA500AAF0}.Release|Win32.ActiveCfg = Release|Win32
		{C1F75F57-6B1E-416F-9AB1-489FA500AAF0}.Release|Win32.Build.0 = Release|Win32
	EndGlobalSection
	GlobalSection(SolutionProperties) = preSolution
		HideSolutionNode = FALSE
	EndGlobalSection
EndGlobal
