
Microsoft Visual Studio Solution File, Format Version 11.00
# Visual Studio 2010
Project("{8BC9CEB8-8B4A-11D0-8D11-00A0C91BC942}") = "TwoArraysAlternateSum_Pramata", "TwoArraysAlternateSum_Pramata\TwoArraysAlternateSum_Pramata.vcxproj", "{FCAC2A80-9700-4616-A91C-741B8C307D66}"
EndProject
Global
	GlobalSection(SolutionConfigurationPlatforms) = preSolution
		Debug|Win32 = Debug|Win32
		Release|Win32 = Release|Win32
	EndGlobalSection
	GlobalSection(ProjectConfigurationPlatforms) = postSolution
		{FCAC2A80-9700-4616-A91C-741B8C307D66}.Debug|Win32.ActiveCfg = Debug|Win32
		{FCAC2A80-9700-4616-A91C-741B8C307D66}.Debug|Win32.Build.0 = Debug|Win32
		{FCAC2A80-9700-4616-A91C-741B8C307D66}.Release|Win32.ActiveCfg = Release|Win32
		{FCAC2A80-9700-4616-A91C-741B8C307D66}.Release|Win32.Build.0 = Release|Win32
	EndGlobalSection
	GlobalSection(SolutionProperties) = preSolution
		HideSolutionNode = FALSE
	EndGlobalSection
EndGlobal
