
Microsoft Visual Studio Solution File, Format Version 12.00
# Visual Studio 2012
Project("{8BC9CEB8-8B4A-11D0-8D11-00A0C91BC942}") = "NIGandalfHobbits", "NIGandalfHobbits\NIGandalfHobbits.vcxproj", "{AAA0E678-9DDE-4039-8032-4F321E1DBDC2}"
EndProject
Global
	GlobalSection(SolutionConfigurationPlatforms) = preSolution
		Debug|Win32 = Debug|Win32
		Release|Win32 = Release|Win32
	EndGlobalSection
	GlobalSection(ProjectConfigurationPlatforms) = postSolution
		{AAA0E678-9DDE-4039-8032-4F321E1DBDC2}.Debug|Win32.ActiveCfg = Debug|Win32
		{AAA0E678-9DDE-4039-8032-4F321E1DBDC2}.Debug|Win32.Build.0 = Debug|Win32
		{AAA0E678-9DDE-4039-8032-4F321E1DBDC2}.Release|Win32.ActiveCfg = Release|Win32
		{AAA0E678-9DDE-4039-8032-4F321E1DBDC2}.Release|Win32.Build.0 = Release|Win32
	EndGlobalSection
	GlobalSection(SolutionProperties) = preSolution
		HideSolutionNode = FALSE
	EndGlobalSection
EndGlobal
