
Microsoft Visual Studio Solution File, Format Version 11.00
# Visual Studio 2010
Project("{8BC9CEB8-8B4A-11D0-8D11-00A0C91BC942}") = "gfg_TopologicalSort", "gfg_TopologicalSort\gfg_TopologicalSort.vcxproj", "{88A8BBA3-CB9D-453D-B1E2-66C9A3B17E8E}"
EndProject
Global
	GlobalSection(SolutionConfigurationPlatforms) = preSolution
		Debug|Win32 = Debug|Win32
		Release|Win32 = Release|Win32
	EndGlobalSection
	GlobalSection(ProjectConfigurationPlatforms) = postSolution
		{88A8BBA3-CB9D-453D-B1E2-66C9A3B17E8E}.Debug|Win32.ActiveCfg = Debug|Win32
		{88A8BBA3-CB9D-453D-B1E2-66C9A3B17E8E}.Debug|Win32.Build.0 = Debug|Win32
		{88A8BBA3-CB9D-453D-B1E2-66C9A3B17E8E}.Release|Win32.ActiveCfg = Release|Win32
		{88A8BBA3-CB9D-453D-B1E2-66C9A3B17E8E}.Release|Win32.Build.0 = Release|Win32
	EndGlobalSection
	GlobalSection(SolutionProperties) = preSolution
		HideSolutionNode = FALSE
	EndGlobalSection
EndGlobal
