
Microsoft Visual Studio Solution File, Format Version 11.00
# Visual Studio 2010
Project("{8BC9CEB8-8B4A-11D0-8D11-00A0C91BC942}") = "linkedlist_reversal", "linkedlist_reversal\linkedlist_reversal.vcxproj", "{823E11F8-60F6-4BF1-85BC-BB711C07D61C}"
EndProject
Global
	GlobalSection(SolutionConfigurationPlatforms) = preSolution
		Debug|Win32 = Debug|Win32
		Release|Win32 = Release|Win32
	EndGlobalSection
	GlobalSection(ProjectConfigurationPlatforms) = postSolution
		{823E11F8-60F6-4BF1-85BC-BB711C07D61C}.Debug|Win32.ActiveCfg = Debug|Win32
		{823E11F8-60F6-4BF1-85BC-BB711C07D61C}.Debug|Win32.Build.0 = Debug|Win32
		{823E11F8-60F6-4BF1-85BC-BB711C07D61C}.Release|Win32.ActiveCfg = Release|Win32
		{823E11F8-60F6-4BF1-85BC-BB711C07D61C}.Release|Win32.Build.0 = Release|Win32
	EndGlobalSection
	GlobalSection(SolutionProperties) = preSolution
		HideSolutionNode = FALSE
	EndGlobalSection
EndGlobal
