
Microsoft Visual Studio Solution File, Format Version 12.00
# Visual Studio 2012
Project("{FAE04EC0-301F-11D3-BF4B-00C04F79EFBC}") = "StudentRecord", "StudentRecord\StudentRecord.csproj", "{FC0234EF-B8CC-44FD-8901-B7BAB961E352}"
EndProject
Global
	GlobalSection(SolutionConfigurationPlatforms) = preSolution
		Debug|Any CPU = Debug|Any CPU
		Release|Any CPU = Release|Any CPU
	EndGlobalSection
	GlobalSection(ProjectConfigurationPlatforms) = postSolution
		{FC0234EF-B8CC-44FD-8901-B7BAB961E352}.Debug|Any CPU.ActiveCfg = Debug|Any CPU
		{FC0234EF-B8CC-44FD-8901-B7BAB961E352}.Debug|Any CPU.Build.0 = Debug|Any CPU
		{FC0234EF-B8CC-44FD-8901-B7BAB961E352}.Release|Any CPU.ActiveCfg = Release|Any CPU
		{FC0234EF-B8CC-44FD-8901-B7BAB961E352}.Release|Any CPU.Build.0 = Release|Any CPU
	EndGlobalSection
	GlobalSection(SolutionProperties) = preSolution
		HideSolutionNode = FALSE
	EndGlobalSection
EndGlobal
